%{"benchfella": {:hex, :benchfella, "0.3.2", "b9648e77fa8d8b8b9fe8f54293bee63f7de03909b3af6ab22a0e546716a396fb", [:mix], []},
  "benchwarmer": {:hex, :benchwarmer, "0.0.2", "902e5c020608647b07c38b82103e4af6d2667dfd5d5d13c67382238de6943136", [:mix], []},
  "dialyxir": {:hex, :dialyxir, "0.3.5", "eaba092549e044c76f83165978979f60110dc58dd5b92fd952bf2312f64e9b14", [:mix], []}}
