%{
  "benchfella": {:hex, :benchfella, "0.3.2", "b9648e77fa8d8b8b9fe8f54293bee63f7de03909b3af6ab22a0e546716a396fb", [:mix], []},
  "benchwarmer": {:hex, :benchwarmer, "0.0.2", "902e5c020608647b07c38b82103e4af6d2667dfd5d5d13c67382238de6943136", [:mix], []},
  "coerce": {:hex, :coerce, "1.0.1", "211c27386315dc2894ac11bc1f413a0e38505d808153367bd5c6e75a4003d096", [:mix], [], "hexpm", "b44a691700f7a1a15b4b7e2ff1fa30bebd669929ac8aa43cffe9e2f8bf051cf1"},
  "currying": {:hex, :currying, "1.0.3", "6d036c86c38663a795858c9e744e406a62d7e5a66243a7da15326e731cdcd672", [:mix], [], "hexpm", "7b9b8cd644ecac635f0abf6267ca46d497e73144a5882449a843461a014f1154"},
  "dialyxir": {:hex, :dialyxir, "0.5.1", "b331b091720fd93e878137add264bac4f644e1ddae07a70bf7062c7862c4b952", [:mix], [], "hexpm", "6c32a70ed5d452c6650916555b1f96c79af5fc4bf286997f8b15f213de786f73"},
  "earmark": {:hex, :earmark, "1.3.2", "b840562ea3d67795ffbb5bd88940b1bed0ed9fa32834915125ea7d02e35888a5", [:mix], [], "hexpm"},
  "earmark_parser": {:hex, :earmark_parser, "1.4.10", "6603d7a603b9c18d3d20db69921527f82ef09990885ed7525003c7fe7dc86c56", [:mix], [], "hexpm", "8e2d5370b732385db2c9b22215c3f59c84ac7dda7ed7e544d7c459496ae519c0"},
  "ex_doc": {:hex, :ex_doc, "0.23.0", "a069bc9b0bf8efe323ecde8c0d62afc13d308b1fa3d228b65bca5cf8703a529d", [:mix], [{:earmark_parser, "~> 1.4.0", [hex: :earmark_parser, repo: "hexpm", optional: false]}, {:makeup_elixir, "~> 0.14", [hex: :makeup_elixir, repo: "hexpm", optional: false]}], "hexpm", "f5e2c4702468b2fd11b10d39416ddadd2fcdd173ba2a0285ebd92c39827a5a16"},
  "extractable": {:hex, :extractable, "0.2.0", "8527dd76d37978afeb591a98f433e294ffd634e91a6be5cab410f94d5329adbc", [:mix], [], "hexpm", "db242b2b462d640c9b8daf0539f5b4ef58bbb3e9ff5509ea533dd67bb665f9cb"},
  "fun_land": {:hex, :fun_land, "0.9.3", "0ca62fb92fcfa95fa50d7cf05b5a25ca49a709cad32ef4317e167b523f459e42", [:mix], [{:currying, "~> 1.0", [hex: :currying, repo: "hexpm", optional: false]}, {:numbers, "~> 5.0", [hex: :numbers, repo: "hexpm", optional: false]}], "hexpm", "258922fde86bf965b542a8868e1fbe7a0d2466c53c929d04576bb3955f4a0098"},
  "insertable": {:hex, :insertable, "0.2.0", "f9ef5e484d1cc0756f1d248a54466aa6388142a81df18f588158e3eda2501395", [:mix], [], "hexpm", "518a8b5870344c784dec4560a296e3ef539cd08e58df7f425485bb6158ab70d6"},
  "makeup": {:hex, :makeup, "1.0.5", "d5a830bc42c9800ce07dd97fa94669dfb93d3bf5fcf6ea7a0c67b2e0e4a7f26c", [:mix], [{:nimble_parsec, "~> 0.5 or ~> 1.0", [hex: :nimble_parsec, repo: "hexpm", optional: false]}], "hexpm", "cfa158c02d3f5c0c665d0af11512fed3fba0144cf1aadee0f2ce17747fba2ca9"},
  "makeup_elixir": {:hex, :makeup_elixir, "0.15.0", "98312c9f0d3730fde4049985a1105da5155bfe5c11e47bdc7406d88e01e4219b", [:mix], [{:makeup, "~> 1.0", [hex: :makeup, repo: "hexpm", optional: false]}, {:nimble_parsec, "~> 1.1", [hex: :nimble_parsec, repo: "hexpm", optional: false]}], "hexpm", "75ffa34ab1056b7e24844c90bfc62aaf6f3a37a15faa76b07bc5eba27e4a8b4a"},
  "nimble_parsec": {:hex, :nimble_parsec, "1.1.0", "3a6fca1550363552e54c216debb6a9e95bd8d32348938e13de5eda962c0d7f89", [:mix], [], "hexpm", "08eb32d66b706e913ff748f11694b17981c0b04a33ef470e33e11b3d3ac8f54b"},
  "numbers": {:hex, :numbers, "5.1.1", "1277dbee5dc73b0e1608bd6d318bd8338cbcba5b68cade65f24e4bb402676b5c", [:mix], [{:coerce, "~> 1.0", [hex: :coerce, repo: "hexpm", optional: false]}, {:decimal, "~> 1.5", [hex: :decimal, repo: "hexpm", optional: true]}], "hexpm", "b025516631e37e824a605f78fe892913bdf587ff29c56e393dbb1cf658673557"},
}
